
Microsoft Visual Studio Solution File, Format Version 12.00
# Visual Studio Version 17
VisualStudioVersion = 17.3.32922.545
MinimumVisualStudioVersion = 10.0.40219.1
Project("{FAE04EC0-301F-11D3-BF4B-00C04F79EFBC}") = "SecondScreen", "SecondScreen\SecondScreen.csproj", "{88FAAB40-AED9-43BA-993C-98C01B22093C}"
EndProject
Global
	GlobalSection(SolutionConfigurationPlatforms) = preSolution
		Debug|Any CPU = Debug|Any CPU
		Release|Any CPU = Release|Any CPU
	EndGlobalSection
	GlobalSection(ProjectConfigurationPlatforms) = postSolution
		{88FAAB40-AED9-43BA-993C-98C01B22093C}.Debug|Any CPU.ActiveCfg = Debug|Any CPU
		{88FAAB40-AED9-43BA-993C-98C01B22093C}.Debug|Any CPU.Build.0 = Debug|Any CPU
		{88FAAB40-AED9-43BA-993C-98C01B22093C}.Release|Any CPU.ActiveCfg = Release|Any CPU
		{88FAAB40-AED9-43BA-993C-98C01B22093C}.Release|Any CPU.Build.0 = Release|Any CPU
	EndGlobalSection
	GlobalSection(SolutionProperties) = preSolution
		HideSolutionNode = FALSE
	EndGlobalSection
	GlobalSection(ExtensibilityGlobals) = postSolution
		SolutionGuid = {3CD0F24D-FD63-4C55-B0B7-625C1DB7358F}
	EndGlobalSection
EndGlobal
